github.com/BurntSushi/toml v0.4.1 h1:GaI7EiDXDRfa8VshkTj7Fym7ha+y8/XxIgD2okUIjLw=
github.com/benbjohnson/clock v1.3.0 h1:ip6w0uFQkncKQ979AypyG0ER7mqUSBdKLOgAle/AT8A=
github.com/davecgh/go-spew v1.1.1 h1:vj9j/u1bqnvCEfJOwUhtlOARqs3+rkHYY13jYWTU97c=
github.com/fsnotify/fsnotify v1.5.4 h1:jRbGcIw6P2Meqdwuo0H1p6JVLbL5DHKAKlYndzMwVZI=
github.com/golang/glog v1.0.0 h1:nfP3RFugxnNRyKgeWd4oI1nYvXpxrx8ck8ZrcizshdQ=
github.com/golang/protobuf v1.5.2 h1:ROPKBNFfQgOUMifHyP+KYbvpjbdoFNs+aK7DXlji0Tw=
github.com/golang/snappy v0.0.4 h1:yAGX7huGHXlcLOEtBnF4w7FQwA26wojNCwOYAEhLjQM=
github.com/google/go-cmp v0.5.9 h1:O2Tfq5qg4qc4AmwVlvv0oLiVAGB7enBSJ2x2DqQFi38=
github.com/google/gofuzz v1.2.0 h1:xRy4A+RhZaiKjJ1bPfwQ8sedCA+YS2YcCHW6ec7JMi0=
github.com/grpc-ecosystem/grpc-gateway v1.16.0 h1:gmcG1KaJ57LophUzW0Hy8NmPhnMZb4M0+kPpLofRdBo=
github.com/grpc-ecosystem/grpc-gateway/v2 v2.11.3 h1:lLT7ZLSzGLI08vc9cpd+tYmNWjdKDqyr/2L+f6U12Fk=
github.com/jessevdk/go-flags v1.5.0 h1:1jKYvbxEjfUl0fmqTCOfonvskHHXMjBySTLW4y9LFvc=
github.com/klauspost/cpuid/v2 v2.1.0 h1:eyi1Ad2aNJMW95zcSbmGg7Cg6cq3ADwLpMAP96d8rF0=
github.com/kr/pretty v0.3.0 h1:WgNl7dwNpEZ6jJ9k1snq4pZsg7DOEN8hP9Xw0Tsjwk0=
github.com/kr/text v0.2.0 h1:5Nx0Ya0ZqY2ygV366QzturHI13Jq95ApcVaJBhpS+AY=
github.com/minio/sha256-simd v1.0.0 h1:v1ta+49hkWZyvaKwrQB8elexRqm6Y0aMLjCNsrYxo6g=
github.com/nullstyle/go-xdr v0.0.0-20180726165426-f4c839f75077 h1:A804awGqaW7i61y8KnbtHmh3scqbNuTJqcycq3u5ZAU=
github.com/nxadm/tail v1.4.8 h1:nPr65rt6Y5JFSKQO7qToXr7pePgD6Gwiw05lkbyAQTE=
github.com/onsi/ginkgo v1.16.5 h1:8xi0RTUf59SOSfEtZMvwTvXYMzG4gV23XVHOZiXNtnE=
github.com/onsi/gomega v1.20.2 h1:8uQq0zMgLEfa0vRrrBgaJF2gyW9Da9BmfGV+OyUzfkY=
github.com/pkg/errors v0.9.1 h1:FEBLx1zS214owpjy7qsBeixbURkuhQAwrK5UwLGTwt4=
github.com/pmezard/go-difflib v1.0.0 h1:4DBwDE0NGyQoBHbLQYPwSUPoCMWR5BEzIk/f1lZbAQM=
github.com/rogpeppe/go-internal v1.9.0 h1:73kH8U+JUqXU8lRuOHeVHaa/SZPifC7BkcraZVejAe8=
github.com/spacemeshos/api/release/go v1.4.1-0.20220909175001-1907c2fe076e h1:qMOY8jzWlBvXOzxsTe/3Pp6XSNa526ziqoSqNBX+Bik=
github.com/spacemeshos/go-scale v0.0.0-20220912074327-ac6a96584caa h1:uQz7U//cXsUhE6XMsrSFR8jM3uM4cgmJd8gKhu2q2jE=
github.com/spacemeshos/merkle-tree v0.0.0-20220909175028-45e6d3500683 h1:HcqAAdw1n3jYo+oGfpJuTId7jKtT+dr6Bea2tUNQE+o=
github.com/spacemeshos/smutil v0.0.0-20220819180433-6aaadca3eb1d h1:09R53k+V+cPCwTH3AnvOJO2OmCb4dJlG6hfgqQlTm6w=
github.com/stretchr/testify v1.8.0 h1:pSgiaMZlXftHpm5L7V1+rVB+AZJydKsMxsQBIJw4PKk=
github.com/syndtr/goleveldb v1.0.1-0.20210819022825-2ae1ddf74ef7 h1:epCh84lMvA70Z7CTTCmYQn2CKbY8j86K7/FAIr141uY=
go.uber.org/atomic v1.10.0 h1:9qC72Qh0+3MqyJbAn8YU5xVq1frD8bn3JtD2oXtafVQ=
go.uber.org/goleak v1.1.12 h1:gZAh5/EyT/HQwlpkCy6wTpqfH9H8Lz8zbm3dZh+OyzA=
go.uber.org/multierr v1.8.0 h1:dg6GjLku4EH+249NNmoIciG9N/jURbDG+pFlTkhzIC8=
go.uber.org/zap v1.23.0 h1:OjGQ5KQDEUawVHxNwQgPpiypGHOxo2mNZsOqTak4fFY=
golang.org/x/crypto v0.0.0-20220829220503-c86fa9a7ed90 h1:Y/gsMcFOcR+6S6f3YeMKl5g+dZMEWqcz5Czj/GWYbkM=
golang.org/x/net v0.0.0-20220907135653-1e95f45603a7 h1:1WGATo9HAhkWMbfyuVU0tEFP88OIkUvwaHFveQPvzCQ=
golang.org/x/sys v0.0.0-20220908164124-27713097b956 h1:XeJjHH1KiLpKGb6lvMiksZ9l0fVUh+AmGcm0nOMEBOY=
golang.org/x/text v0.3.7 h1:olpwvP2KacW1ZWvsR7uQhoyTYvKAupfQrRGBFM352Gk=
google.golang.org/genproto v0.0.0-20220909194730-69f6226f97e5 h1:ngtP8S8JkBWfJACT9cmj5eTkS9tIWPQI5leBz/7Bq/c=
google.golang.org/grpc v1.49.0 h1:WTLtQzmQori5FUH25Pq4WT22oCsv8USpQ+F6rqtsmxw=
google.golang.org/protobuf v1.28.1 h1:d0NfwRgPtno5B1Wa6L2DAG+KivqkdutMf1UhdNx175w=
gopkg.in/check.v1 v1.0.0-20201130134442-10cb98267c6c h1:Hei/4ADfdWqJk1ZMxUNpqntNwaWcugrBjAiHlqqRiVk=
gopkg.in/natefinch/lumberjack.v2 v2.0.0 h1:1Lc07Kr7qY4U2YPouBjpCLxpiyxIVoxqXgkXLknAOE8=
gopkg.in/tomb.v1 v1.0.0-20141024135613-dd632973f1e7 h1:uRGJdciOHaEIrze2W8Q3AKkepLTh2hOroT7a+7czfdQ=
gopkg.in/yaml.v2 v2.4.0 h1:D8xgwECY7CYvx+Y2n4sBz93Jn9JRvxdiyyo8CTfuKaY=
gopkg.in/yaml.v3 v3.0.1 h1:fxVm/GzAzEWqLHuvctI91KS9hhNmmWOoWu0XTYJS7CA=
